# THIS IS AN AUTOGENERATED FILE. DO NOT EDIT THIS FILE DIRECTLY.
# yarn lockfile v1


add-dom-event-listener@1.x:
  version "1.0.2"
  resolved "https://registry.yarnpkg.com/add-dom-event-listener/-/add-dom-event-listener-1.0.2.tgz#8faed2c41008721cf111da1d30d995b85be42bed"
  dependencies:
    object-assign "4.x"

ansi-escapes@^1.1.0:
  version "1.4.0"
  resolved "https://registry.yarnpkg.com/ansi-escapes/-/ansi-escapes-1.4.0.tgz#d3a8a83b319aa67793662b13e761c7911422306e"

ansi-regex@^2.0.0:
  version "2.1.1"
  resolved "https://registry.yarnpkg.com/ansi-regex/-/ansi-regex-2.1.1.tgz#c3b33ab5ee360d86e0e628f0468ae7ef27d654df"

ansi-regex@^3.0.0:
  version "3.0.0"
  resolved "https://registry.yarnpkg.com/ansi-regex/-/ansi-regex-3.0.0.tgz#ed0317c322064f79466c02966bddb605ab37d998"

ansi-styles@^2.2.1:
  version "2.2.1"
  resolved "https://registry.yarnpkg.com/ansi-styles/-/ansi-styles-2.2.1.tgz#b432dd3358b634cf75e1e4664368240533c1ddbe"

antd@^3.2.0:
  version "3.2.2"
  resolved "https://registry.yarnpkg.com/antd/-/antd-3.2.2.tgz#522abfee52d3ba1194cf394e4b857f208c5c3c9a"
  dependencies:
    array-tree-filter "^2.0.0"
    babel-runtime "6.x"
    classnames "~2.2.0"
    create-react-class "^15.6.0"
    css-animation "^1.2.5"
    dom-closest "^0.2.0"
    enquire.js "^2.1.1"
    lodash.debounce "^4.0.8"
    lodash.uniqby "^4.7.0"
    moment "^2.19.3"
    omit.js "^1.0.0"
    prop-types "^15.5.7"
    rc-animate "^2.4.1"
    rc-calendar "~9.5.0"
    rc-cascader "~0.12.0"
    rc-checkbox "~2.1.1"
    rc-collapse "~1.8.0"
    rc-dialog "~7.1.0"
    rc-dropdown "~2.1.0"
    rc-editor-mention "^1.0.2"
    rc-form "^2.1.0"
    rc-input-number "~4.0.0"
    rc-menu "~6.2.0"
    rc-notification "~3.0.0"
    rc-pagination "~1.15.0"
    rc-progress "~2.2.2"
    rc-rate "~2.4.0"
    rc-select "~7.7.0"
    rc-slider "~8.6.0"
    rc-steps "~3.1.0"
    rc-switch "~1.6.0"
    rc-table "~6.1.0"
    rc-tabs "~9.2.0"
    rc-time-picker "~3.2.1"
    rc-tooltip "~3.7.0"
    rc-tree "~1.7.0"
    rc-tree-select "~1.12.0"
    rc-upload "~2.4.0"
    rc-util "^4.0.4"
    react-lazy-load "^3.0.12"
    react-slick "~0.17.0"
    shallowequal "^1.0.1"
    warning "~3.0.0"

array-tree-filter@^1.0.0:
  version "1.0.1"
  resolved "https://registry.yarnpkg.com/array-tree-filter/-/array-tree-filter-1.0.1.tgz#0a8ad1eefd38ce88858632f9cc0423d7634e4d5d"

array-tree-filter@^2.0.0:
  version "2.1.0"
  resolved "https://registry.yarnpkg.com/array-tree-filter/-/array-tree-filter-2.1.0.tgz#873ac00fec83749f255ac8dd083814b4f6329190"

asap@~2.0.3:
  version "2.0.6"
  resolved "https://registry.yarnpkg.com/asap/-/asap-2.0.6.tgz#e50347611d7e690943208bbdafebcbc2fb866d46"

async-validator@1.x:
  version "1.8.2"
  resolved "https://registry.yarnpkg.com/async-validator/-/async-validator-1.8.2.tgz#b77597226e96242f8d531c0d46ae295f62422ba4"
  dependencies:
    babel-runtime "6.x"

babel-code-frame@^6.26.0:
  version "6.26.0"
  resolved "https://registry.yarnpkg.com/babel-code-frame/-/babel-code-frame-6.26.0.tgz#63fd43f7dc1e3bb7ce35947db8fe369a3f58c74b"
  dependencies:
    chalk "^1.1.3"
    esutils "^2.0.2"
    js-tokens "^3.0.2"

babel-core@^6.26.0:
  version "6.26.0"
  resolved "https://registry.yarnpkg.com/babel-core/-/babel-core-6.26.0.tgz#af32f78b31a6fcef119c87b0fd8d9753f03a0bb8"
  dependencies:
    babel-code-frame "^6.26.0"
    babel-generator "^6.26.0"
    babel-helpers "^6.24.1"
    babel-messages "^6.23.0"
    babel-register "^6.26.0"
    babel-runtime "^6.26.0"
    babel-template "^6.26.0"
    babel-traverse "^6.26.0"
    babel-types "^6.26.0"
    babylon "^6.18.0"
    convert-source-map "^1.5.0"
    debug "^2.6.8"
    json5 "^0.5.1"
    lodash "^4.17.4"
    minimatch "^3.0.4"
    path-is-absolute "^1.0.1"
    private "^0.1.7"
    slash "^1.0.0"
    source-map "^0.5.6"

babel-generator@^6.26.0:
  version "6.26.1"
  resolved "https://registry.yarnpkg.com/babel-generator/-/babel-generator-6.26.1.tgz#1844408d3b8f0d35a404ea7ac180f087a601bd90"
  dependencies:
    babel-messages "^6.23.0"
    babel-runtime "^6.26.0"
    babel-types "^6.26.0"
    detect-indent "^4.0.0"
    jsesc "^1.3.0"
    lodash "^4.17.4"
    source-map "^0.5.7"
    trim-right "^1.0.1"

babel-helpers@^6.24.1:
  version "6.24.1"
  resolved "https://registry.yarnpkg.com/babel-helpers/-/babel-helpers-6.24.1.tgz#3471de9caec388e5c850e597e58a26ddf37602b2"
  dependencies:
    babel-runtime "^6.22.0"
    babel-template "^6.24.1"

babel-messages@^6.23.0:
  version "6.23.0"
  resolved "https://registry.yarnpkg.com/babel-messages/-/babel-messages-6.23.0.tgz#f3cdf4703858035b2a2951c6ec5edf6c62f2630e"
  dependencies:
    babel-runtime "^6.22.0"

babel-polyfill@6.23.0:
  version "6.23.0"
  resolved "https://registry.yarnpkg.com/babel-polyfill/-/babel-polyfill-6.23.0.tgz#8364ca62df8eafb830499f699177466c3b03499d"
  dependencies:
    babel-runtime "^6.22.0"
    core-js "^2.4.0"
    regenerator-runtime "^0.10.0"

babel-register@^6.26.0:
  version "6.26.0"
  resolved "https://registry.yarnpkg.com/babel-register/-/babel-register-6.26.0.tgz#6ed021173e2fcb486d7acb45c6009a856f647071"
  dependencies:
    babel-core "^6.26.0"
    babel-runtime "^6.26.0"
    core-js "^2.5.0"
    home-or-tmp "^2.0.0"
    lodash "^4.17.4"
    mkdirp "^0.5.1"
    source-map-support "^0.4.15"

babel-runtime@6.x, babel-runtime@^6.22.0, babel-runtime@^6.23.0, babel-runtime@^6.26.0:
  version "6.26.0"
  resolved "https://registry.yarnpkg.com/babel-runtime/-/babel-runtime-6.26.0.tgz#965c7058668e82b55d7bfe04ff2337bc8b5647fe"
  dependencies:
    core-js "^2.4.0"
    regenerator-runtime "^0.11.0"

babel-template@^6.24.1, babel-template@^6.26.0:
  version "6.26.0"
  resolved "https://registry.yarnpkg.com/babel-template/-/babel-template-6.26.0.tgz#de03e2d16396b069f46dd9fff8521fb1a0e35e02"
  dependencies:
    babel-runtime "^6.26.0"
    babel-traverse "^6.26.0"
    babel-types "^6.26.0"
    babylon "^6.18.0"
    lodash "^4.17.4"

babel-traverse@^6.26.0:
  version "6.26.0"
  resolved "https://registry.yarnpkg.com/babel-traverse/-/babel-traverse-6.26.0.tgz#46a9cbd7edcc62c8e5c064e2d2d8d0f4035766ee"
  dependencies:
    babel-code-frame "^6.26.0"
    babel-messages "^6.23.0"
    babel-runtime "^6.26.0"
    babel-types "^6.26.0"
    babylon "^6.18.0"
    debug "^2.6.8"
    globals "^9.18.0"
    invariant "^2.2.2"
    lodash "^4.17.4"

babel-types@^6.26.0:
  version "6.26.0"
  resolved "https://registry.yarnpkg.com/babel-types/-/babel-types-6.26.0.tgz#a3b073f94ab49eb6fa55cd65227a334380632497"
  dependencies:
    babel-runtime "^6.26.0"
    esutils "^2.0.2"
    lodash "^4.17.4"
    to-fast-properties "^1.0.3"

babylon@^6.18.0:
  version "6.18.0"
  resolved "https://registry.yarnpkg.com/babylon/-/babylon-6.18.0.tgz#af2f3b88fa6f5c1e4c634d1a0f8eac4f55b395e3"

balanced-match@^1.0.0:
  version "1.0.0"
  resolved "https://registry.yarnpkg.com/balanced-match/-/balanced-match-1.0.0.tgz#89b4d199ab2bee49de164ea02b89ce462d71b767"

brace-expansion@^1.1.7:
  version "1.1.11"
  resolved "https://registry.yarnpkg.com/brace-expansion/-/brace-expansion-1.1.11.tgz#3c7fcbf529d87226f3d2f52b966ff5271eb441dd"
  dependencies:
    balanced-match "^1.0.0"
    concat-map "0.0.1"

can-use-dom@^0.1.0:
  version "0.1.0"
  resolved "https://registry.yarnpkg.com/can-use-dom/-/can-use-dom-0.1.0.tgz#22cc4a34a0abc43950f42c6411024a3f6366b45a"

chalk@1.1.3, chalk@^1.0.0, chalk@^1.1.3:
  version "1.1.3"
  resolved "https://registry.yarnpkg.com/chalk/-/chalk-1.1.3.tgz#a8115c55e4a702fe4d150abd3872822a7e09fc98"
  dependencies:
    ansi-styles "^2.2.1"
    escape-string-regexp "^1.0.2"
    has-ansi "^2.0.0"
    strip-ansi "^3.0.0"
    supports-color "^2.0.0"

chardet@^0.4.0:
  version "0.4.2"
  resolved "https://registry.yarnpkg.com/chardet/-/chardet-0.4.2.tgz#b5473b33dc97c424e5d98dc87d55d4d8a29c8bf2"

classnames@2.x, classnames@^2.2.0, classnames@^2.2.1, classnames@^2.2.3, classnames@^2.2.5, classnames@~2.2.0:
  version "2.2.5"
  resolved "https://registry.yarnpkg.com/classnames/-/classnames-2.2.5.tgz#fb3801d453467649ef3603c7d61a02bd129bde6d"

cli-cursor@^2.1.0:
  version "2.1.0"
  resolved "https://registry.yarnpkg.com/cli-cursor/-/cli-cursor-2.1.0.tgz#b35dac376479facc3e94747d41d0d0f5238ffcb5"
  dependencies:
    restore-cursor "^2.0.0"

cli-width@^2.0.0:
  version "2.2.0"
  resolved "https://registry.yarnpkg.com/cli-width/-/cli-width-2.2.0.tgz#ff19ede8a9a5e579324147b0c11f0fbcbabed639"

component-classes@1.x, component-classes@^1.2.5, component-classes@^1.2.6:
  version "1.2.6"
  resolved "https://registry.yarnpkg.com/component-classes/-/component-classes-1.2.6.tgz#c642394c3618a4d8b0b8919efccbbd930e5cd691"
  dependencies:
    component-indexof "0.0.3"

component-indexof@0.0.3:
  version "0.0.3"
  resolved "https://registry.yarnpkg.com/component-indexof/-/component-indexof-0.0.3.tgz#11d091312239eb8f32c8f25ae9cb002ffe8d3c24"

concat-map@0.0.1:
  version "0.0.1"
  resolved "https://registry.yarnpkg.com/concat-map/-/concat-map-0.0.1.tgz#d8a96bd77fd68df7793a73036a3ba0d5405d477b"

convert-source-map@^1.5.0:
  version "1.5.1"
  resolved "https://registry.yarnpkg.com/convert-source-map/-/convert-source-map-1.5.1.tgz#b8278097b9bc229365de5c62cf5fcaed8b5599e5"

core-js@^1.0.0:
  version "1.2.7"
  resolved "https://registry.yarnpkg.com/core-js/-/core-js-1.2.7.tgz#652294c14651db28fa93bd2d5ff2983a4f08c636"

core-js@^2.4.0, core-js@^2.5.0:
  version "2.5.3"
  resolved "https://registry.yarnpkg.com/core-js/-/core-js-2.5.3.tgz#8acc38345824f16d8365b7c9b4259168e8ed603e"

create-react-class@15.x, create-react-class@^15.5.2, create-react-class@^15.5.3, create-react-class@^15.6.0:
  version "15.6.3"
  resolved "https://registry.yarnpkg.com/create-react-class/-/create-react-class-15.6.3.tgz#2d73237fb3f970ae6ebe011a9e66f46dbca80036"
  dependencies:
    fbjs "^0.8.9"
    loose-envify "^1.3.1"
    object-assign "^4.1.1"

css-animation@1.x, css-animation@^1.2.5, css-animation@^1.3.2:
  version "1.4.1"
  resolved "https://registry.yarnpkg.com/css-animation/-/css-animation-1.4.1.tgz#5b8813125de0fbbbb0bbe1b472ae84221469b7a8"
  dependencies:
    babel-runtime "6.x"
    component-classes "^1.2.5"

debug@^2.6.8:
  version "2.6.9"
  resolved "https://registry.yarnpkg.com/debug/-/debug-2.6.9.tgz#5d128515df134ff327e90a4c93f4e077a536341f"
  dependencies:
    ms "2.0.0"

detect-indent@^4.0.0:
  version "4.0.0"
  resolved "https://registry.yarnpkg.com/detect-indent/-/detect-indent-4.0.0.tgz#f76d064352cdf43a1cb6ce619c4ee3a9475de208"
  dependencies:
    repeating "^2.0.0"

dom-align@1.x:
  version "1.6.7"
  resolved "https://registry.yarnpkg.com/dom-align/-/dom-align-1.6.7.tgz#6858138efb6b77405ce99146d0be5e4f7282813f"

dom-closest@^0.2.0:
  version "0.2.0"
  resolved "https://registry.yarnpkg.com/dom-closest/-/dom-closest-0.2.0.tgz#ebd9f91d1bf22e8d6f477876bbcd3ec90216c0cf"
  dependencies:
    dom-matches ">=1.0.1"

dom-matches@>=1.0.1:
  version "2.0.0"
  resolved "https://registry.yarnpkg.com/dom-matches/-/dom-matches-2.0.0.tgz#d2728b416a87533980eb089b848d253cf23a758c"

dom-scroll-into-view@1.x, dom-scroll-into-view@^1.2.0:
  version "1.2.1"
  resolved "https://registry.yarnpkg.com/dom-scroll-into-view/-/dom-scroll-into-view-1.2.1.tgz#e8f36732dd089b0201a88d7815dc3f88e6d66c7e"

draft-js@^0.10.0, draft-js@~0.10.0:
  version "0.10.5"
  resolved "https://registry.yarnpkg.com/draft-js/-/draft-js-0.10.5.tgz#bfa9beb018fe0533dbb08d6675c371a6b08fa742"
  dependencies:
    fbjs "^0.8.15"
    immutable "~3.7.4"
    object-assign "^4.1.0"

encoding@^0.1.11:
  version "0.1.12"
  resolved "https://registry.yarnpkg.com/encoding/-/encoding-0.1.12.tgz#538b66f3ee62cd1ab51ec323829d1f9480c74beb"
  dependencies:
    iconv-lite "~0.4.13"

enquire.js@^2.1.1, enquire.js@^2.1.6:
  version "2.1.6"
  resolved "https://registry.yarnpkg.com/enquire.js/-/enquire.js-2.1.6.tgz#3e8780c9b8b835084c3f60e166dbc3c2a3c89814"

escape-string-regexp@^1.0.2, escape-string-regexp@^1.0.5:
  version "1.0.5"
  resolved "https://registry.yarnpkg.com/escape-string-regexp/-/escape-string-regexp-1.0.5.tgz#1b61c0562190a8dff6ae3bb2cf0200ca130b86d4"

esutils@^2.0.2:
  version "2.0.2"
  resolved "https://registry.yarnpkg.com/esutils/-/esutils-2.0.2.tgz#0abf4f1caa5bcb1f7a9d8acc6dea4faaa04bac9b"

eventlistener@0.0.1:
  version "0.0.1"
  resolved "https://registry.yarnpkg.com/eventlistener/-/eventlistener-0.0.1.tgz#ed2baabb852227af2bcf889152c72c63ca532eb8"

external-editor@^2.0.1:
  version "2.1.0"
  resolved "https://registry.yarnpkg.com/external-editor/-/external-editor-2.1.0.tgz#3d026a21b7f95b5726387d4200ac160d372c3b48"
  dependencies:
    chardet "^0.4.0"
    iconv-lite "^0.4.17"
    tmp "^0.0.33"

fbjs@^0.8.15, fbjs@^0.8.16, fbjs@^0.8.9:
  version "0.8.16"
  resolved "https://registry.yarnpkg.com/fbjs/-/fbjs-0.8.16.tgz#5e67432f550dc41b572bf55847b8aca64e5337db"
  dependencies:
    core-js "^1.0.0"
    isomorphic-fetch "^2.1.1"
    loose-envify "^1.0.0"
    object-assign "^4.1.0"
    promise "^7.1.1"
    setimmediate "^1.0.5"
    ua-parser-js "^0.7.9"

figures@^2.0.0:
  version "2.0.0"
  resolved "https://registry.yarnpkg.com/figures/-/figures-2.0.0.tgz#3ab1a2d2a62c8bfb431a0c94cb797a2fce27c962"
  dependencies:
    escape-string-regexp "^1.0.5"

globals@^9.18.0:
  version "9.18.0"
  resolved "https://registry.yarnpkg.com/globals/-/globals-9.18.0.tgz#aa3896b3e69b487f17e31ed2143d69a8e30c2d8a"

hammerjs@^2.0.8:
  version "2.0.8"
  resolved "https://registry.yarnpkg.com/hammerjs/-/hammerjs-2.0.8.tgz#04ef77862cff2bb79d30f7692095930222bf60f1"

has-ansi@^2.0.0:
  version "2.0.0"
  resolved "https://registry.yarnpkg.com/has-ansi/-/has-ansi-2.0.0.tgz#34f5049ce1ecdf2b0649af3ef24e45ed35416d91"
  dependencies:
    ansi-regex "^2.0.0"

hoist-non-react-statics@^2.3.1:
  version "2.5.0"
  resolved "https://registry.yarnpkg.com/hoist-non-react-statics/-/hoist-non-react-statics-2.5.0.tgz#d2ca2dfc19c5a91c5a6615ce8e564ef0347e2a40"

home-or-tmp@^2.0.0:
  version "2.0.0"
  resolved "https://registry.yarnpkg.com/home-or-tmp/-/home-or-tmp-2.0.0.tgz#e36c3f2d2cae7d746a857e38d18d5f32a7882db8"
  dependencies:
    os-homedir "^1.0.0"
    os-tmpdir "^1.0.1"

iconv-lite@^0.4.17, iconv-lite@~0.4.13:
  version "0.4.19"
  resolved "https://registry.yarnpkg.com/iconv-lite/-/iconv-lite-0.4.19.tgz#f7468f60135f5e5dad3399c0a81be9a1603a082b"

immutable@^3.7.4, immutable@~3.7.4:
  version "3.7.6"
  resolved "https://registry.yarnpkg.com/immutable/-/immutable-3.7.6.tgz#13b4d3cb12befa15482a26fe1b2ebae640071e4b"

inquirer@3.0.6:
  version "3.0.6"
  resolved "https://registry.yarnpkg.com/inquirer/-/inquirer-3.0.6.tgz#e04aaa9d05b7a3cb9b0f407d04375f0447190347"
  dependencies:
    ansi-escapes "^1.1.0"
    chalk "^1.0.0"
    cli-cursor "^2.1.0"
    cli-width "^2.0.0"
    external-editor "^2.0.1"
    figures "^2.0.0"
    lodash "^4.3.0"
    mute-stream "0.0.7"
    run-async "^2.2.0"
    rx "^4.1.0"
    string-width "^2.0.0"
    strip-ansi "^3.0.0"
    through "^2.3.6"

invariant@^2.2.2:
  version "2.2.3"
  resolved "https://registry.yarnpkg.com/invariant/-/invariant-2.2.3.tgz#1a827dfde7dcbd7c323f0ca826be8fa7c5e9d688"
  dependencies:
    loose-envify "^1.0.0"

is-finite@^1.0.0:
  version "1.0.2"
  resolved "https://registry.yarnpkg.com/is-finite/-/is-finite-1.0.2.tgz#cc6677695602be550ef11e8b4aa6305342b6d0aa"
  dependencies:
    number-is-nan "^1.0.0"

is-fullwidth-code-point@^2.0.0:
  version "2.0.0"
  resolved "https://registry.yarnpkg.com/is-fullwidth-code-point/-/is-fullwidth-code-point-2.0.0.tgz#a3b30a5c4f199183167aaab93beefae3ddfb654f"

is-promise@^2.1.0:
  version "2.1.0"
  resolved "https://registry.yarnpkg.com/is-promise/-/is-promise-2.1.0.tgz#79a2a9ece7f096e80f36d2b2f3bc16c1ff4bf3fa"

is-stream@^1.0.1:
  version "1.1.0"
  resolved "https://registry.yarnpkg.com/is-stream/-/is-stream-1.1.0.tgz#12d4a3dd4e68e0b79ceb8dbc84173ae80d91ca44"

isomorphic-fetch@^2.1.1:
  version "2.2.1"
  resolved "https://registry.yarnpkg.com/isomorphic-fetch/-/isomorphic-fetch-2.2.1.tgz#611ae1acf14f5e81f729507472819fe9733558a9"
  dependencies:
    node-fetch "^1.0.1"
    whatwg-fetch ">=0.10.0"

js-tokens@^3.0.0, js-tokens@^3.0.2:
  version "3.0.2"
  resolved "https://registry.yarnpkg.com/js-tokens/-/js-tokens-3.0.2.tgz#9866df395102130e38f7f996bceb65443209c25b"

jsesc@^1.3.0:
  version "1.3.0"
  resolved "https://registry.yarnpkg.com/jsesc/-/jsesc-1.3.0.tgz#46c3fec8c1892b12b0833db9bc7622176dbab34b"

json2mq@^0.2.0:
  version "0.2.0"
  resolved "https://registry.yarnpkg.com/json2mq/-/json2mq-0.2.0.tgz#b637bd3ba9eabe122c83e9720483aeb10d2c904a"
  dependencies:
    string-convert "^0.2.0"

json5@^0.5.1:
  version "0.5.1"
  resolved "https://registry.yarnpkg.com/json5/-/json5-0.5.1.tgz#1eade7acc012034ad84e2396767ead9fa5495821"

lodash._getnative@^3.0.0:
  version "3.9.1"
  resolved "https://registry.yarnpkg.com/lodash._getnative/-/lodash._getnative-3.9.1.tgz#570bc7dede46d61cdcde687d65d3eecbaa3aaff5"

lodash.debounce@^4.0.0, lodash.debounce@^4.0.8:
  version "4.0.8"
  resolved "https://registry.yarnpkg.com/lodash.debounce/-/lodash.debounce-4.0.8.tgz#82d79bff30a67c4005ffd5e2515300ad9ca4d7af"

lodash.isarguments@^3.0.0:
  version "3.1.0"
  resolved "https://registry.yarnpkg.com/lodash.isarguments/-/lodash.isarguments-3.1.0.tgz#2f573d85c6a24289ff00663b491c1d338ff3458a"

lodash.isarray@^3.0.0:
  version "3.0.4"
  resolved "https://registry.yarnpkg.com/lodash.isarray/-/lodash.isarray-3.0.4.tgz#79e4eb88c36a8122af86f844aa9bcd851b5fbb55"

lodash.keys@^3.1.2:
  version "3.1.2"
  resolved "https://registry.yarnpkg.com/lodash.keys/-/lodash.keys-3.1.2.tgz#4dbc0472b156be50a0b286855d1bd0b0c656098a"
  dependencies:
    lodash._getnative "^3.0.0"
    lodash.isarguments "^3.0.0"
    lodash.isarray "^3.0.0"

lodash.throttle@^4.0.0:
  version "4.1.1"
  resolved "https://registry.yarnpkg.com/lodash.throttle/-/lodash.throttle-4.1.1.tgz#c23e91b710242ac70c37f1e1cda9274cc39bf2f4"

lodash.uniqby@^4.7.0:
  version "4.7.0"
  resolved "https://registry.yarnpkg.com/lodash.uniqby/-/lodash.uniqby-4.7.0.tgz#d99c07a669e9e6d24e1362dfe266c67616af1302"

lodash@^4.16.5, lodash@^4.17.4, lodash@^4.17.5, lodash@^4.3.0:
  version "4.17.5"
  resolved "https://registry.yarnpkg.com/lodash/-/lodash-4.17.5.tgz#99a92d65c0272debe8c96b6057bc8fbfa3bed511"

loose-envify@^1.0.0, loose-envify@^1.3.1:
  version "1.3.1"
  resolved "https://registry.yarnpkg.com/loose-envify/-/loose-envify-1.3.1.tgz#d1a8ad33fa9ce0e713d65fdd0ac8b748d478c848"
  dependencies:
    js-tokens "^3.0.0"

mimic-fn@^1.0.0:
  version "1.2.0"
  resolved "https://registry.yarnpkg.com/mimic-fn/-/mimic-fn-1.2.0.tgz#820c86a39334640e99516928bd03fca88057d022"

mini-store@^1.0.2:
  version "1.0.4"
  resolved "https://registry.yarnpkg.com/mini-store/-/mini-store-1.0.4.tgz#a540fbfdbddd0415daf17a8b0cc8290c9f7d8bd6"
  dependencies:
    hoist-non-react-statics "^2.3.1"
    prop-types "^15.6.0"
    shallowequal "^1.0.2"

minimatch@^3.0.4:
  version "3.0.4"
  resolved "https://registry.yarnpkg.com/minimatch/-/minimatch-3.0.4.tgz#5166e286457f03306064be5497e8dbb0c3d32083"
  dependencies:
    brace-expansion "^1.1.7"

minimist@0.0.8:
  version "0.0.8"
  resolved "https://registry.yarnpkg.com/minimist/-/minimist-0.0.8.tgz#857fcabfc3397d2625b8228262e86aa7a011b05d"

minimist@1.2.0:
  version "1.2.0"
  resolved "https://registry.yarnpkg.com/minimist/-/minimist-1.2.0.tgz#a35008b20f41383eec1fb914f4cd5df79a264284"

mkdirp@^0.5.1:
  version "0.5.1"
  resolved "https://registry.yarnpkg.com/mkdirp/-/mkdirp-0.5.1.tgz#30057438eac6cf7f8c4767f38648d6697d75c903"
  dependencies:
    minimist "0.0.8"

moment@2.x, moment@^2.19.3:
  version "2.20.1"
  resolved "https://registry.yarnpkg.com/moment/-/moment-2.20.1.tgz#d6eb1a46cbcc14a2b2f9434112c1ff8907f313fd"

ms@2.0.0:
  version "2.0.0"
  resolved "https://registry.yarnpkg.com/ms/-/ms-2.0.0.tgz#5608aeadfc00be6c2901df5f9861788de0d597c8"

mute-stream@0.0.7:
  version "0.0.7"
  resolved "https://registry.yarnpkg.com/mute-stream/-/mute-stream-0.0.7.tgz#3075ce93bc21b8fab43e1bc4da7e8115ed1e7bab"

node-fetch@1.6.3, node-fetch@^1.0.1:
  version "1.6.3"
  resolved "https://registry.yarnpkg.com/node-fetch/-/node-fetch-1.6.3.tgz#dc234edd6489982d58e8f0db4f695029abcd8c04"
  dependencies:
    encoding "^0.1.11"
    is-stream "^1.0.1"

number-is-nan@^1.0.0:
  version "1.0.1"
  resolved "https://registry.yarnpkg.com/number-is-nan/-/number-is-nan-1.0.1.tgz#097b602b53422a522c1afb8790318336941a011d"

object-assign@4.x, object-assign@^4.0.1, object-assign@^4.1.0, object-assign@^4.1.1:
  version "4.1.1"
  resolved "https://registry.yarnpkg.com/object-assign/-/object-assign-4.1.1.tgz#2109adc7965887cfc05cbbd442cac8bfbb360863"

omit.js@^1.0.0:
  version "1.0.0"
  resolved "https://registry.yarnpkg.com/omit.js/-/omit.js-1.0.0.tgz#e013cb86a7517b9cf6f7cfb0ddb4297256a99288"
  dependencies:
    babel-runtime "^6.23.0"

onetime@^2.0.0:
  version "2.0.1"
  resolved "https://registry.yarnpkg.com/onetime/-/onetime-2.0.1.tgz#067428230fd67443b2794b22bba528b6867962d4"
  dependencies:
    mimic-fn "^1.0.0"

opencollective@^1.0.3:
  version "1.0.3"
  resolved "https://registry.yarnpkg.com/opencollective/-/opencollective-1.0.3.tgz#aee6372bc28144583690c3ca8daecfc120dd0ef1"
  dependencies:
    babel-polyfill "6.23.0"
    chalk "1.1.3"
    inquirer "3.0.6"
    minimist "1.2.0"
    node-fetch "1.6.3"
    opn "4.0.2"

opn@4.0.2:
  version "4.0.2"
  resolved "https://registry.yarnpkg.com/opn/-/opn-4.0.2.tgz#7abc22e644dff63b0a96d5ab7f2790c0f01abc95"
  dependencies:
    object-assign "^4.0.1"
    pinkie-promise "^2.0.0"

os-homedir@^1.0.0:
  version "1.0.2"
  resolved "https://registry.yarnpkg.com/os-homedir/-/os-homedir-1.0.2.tgz#ffbc4988336e0e833de0c168c7ef152121aa7fb3"

os-tmpdir@^1.0.1, os-tmpdir@~1.0.2:
  version "1.0.2"
  resolved "https://registry.yarnpkg.com/os-tmpdir/-/os-tmpdir-1.0.2.tgz#bbe67406c79aa85c5cfec766fe5734555dfa1274"

path-is-absolute@^1.0.1:
  version "1.0.1"
  resolved "https://registry.yarnpkg.com/path-is-absolute/-/path-is-absolute-1.0.1.tgz#174b9268735534ffbc7ace6bf53a5a9e1b5c5f5f"

pinkie-promise@^2.0.0:
  version "2.0.1"
  resolved "https://registry.yarnpkg.com/pinkie-promise/-/pinkie-promise-2.0.1.tgz#2135d6dfa7a358c069ac9b178776288228450ffa"
  dependencies:
    pinkie "^2.0.0"

pinkie@^2.0.0:
  version "2.0.4"
  resolved "https://registry.yarnpkg.com/pinkie/-/pinkie-2.0.4.tgz#72556b80cfa0d48a974e80e77248e80ed4f7f870"

private@^0.1.7:
  version "0.1.8"
  resolved "https://registry.yarnpkg.com/private/-/private-0.1.8.tgz#2381edb3689f7a53d653190060fcf822d2f368ff"

promise@^7.1.1:
  version "7.3.1"
  resolved "https://registry.yarnpkg.com/promise/-/promise-7.3.1.tgz#064b72602b18f90f29192b8b1bc418ffd1ebd3bf"
  dependencies:
    asap "~2.0.3"

prop-types@15.x, prop-types@^15.5.10, prop-types@^15.5.4, prop-types@^15.5.6, prop-types@^15.5.7, prop-types@^15.5.8, prop-types@^15.5.9, prop-types@^15.6.0:
  version "15.6.1"
  resolved "https://registry.yarnpkg.com/prop-types/-/prop-types-15.6.1.tgz#36644453564255ddda391191fb3a125cbdf654ca"
  dependencies:
    fbjs "^0.8.16"
    loose-envify "^1.3.1"
    object-assign "^4.1.1"

rc-align@2.x:
  version "2.3.5"
  resolved "https://registry.yarnpkg.com/rc-align/-/rc-align-2.3.5.tgz#5085cfa4d685ee9d030b9afd2971eb370c5e80a1"
  dependencies:
    babel-runtime "^6.26.0"
    dom-align "1.x"
    prop-types "^15.5.8"
    rc-util "^4.0.4"

rc-animate@2.x, rc-animate@^2.0.2, rc-animate@^2.3.0, rc-animate@^2.4.1:
  version "2.4.4"
  resolved "https://registry.yarnpkg.com/rc-animate/-/rc-animate-2.4.4.tgz#a05a784c747beef140d99ff52b6117711bef4b1e"
  dependencies:
    babel-runtime "6.x"
    css-animation "^1.3.2"
    prop-types "15.x"

rc-calendar@~9.5.0:
  version "9.5.0"
  resolved "https://registry.yarnpkg.com/rc-calendar/-/rc-calendar-9.5.0.tgz#83f3eca977d1c06765437bd7acd39a30890f6f07"
  dependencies:
    babel-runtime "6.x"
    classnames "2.x"
    create-react-class "^15.5.2"
    moment "2.x"
    prop-types "^15.5.8"
    rc-trigger "^2.2.0"
    rc-util "^4.1.1"

rc-cascader@~0.12.0:
  version "0.12.2"
  resolved "https://registry.yarnpkg.com/rc-cascader/-/rc-cascader-0.12.2.tgz#2d08fe44b504364137d3c748f51ac393483e7b3b"
  dependencies:
    array-tree-filter "^1.0.0"
    prop-types "^15.5.8"
    rc-trigger "^2.2.0"
    rc-util "^4.0.4"
    shallow-equal "^1.0.0"

rc-checkbox@~2.1.1:
  version "2.1.5"
  resolved "https://registry.yarnpkg.com/rc-checkbox/-/rc-checkbox-2.1.5.tgz#411858448c0ee2a797ef8544dac63bcaeef722ef"
  dependencies:
    babel-runtime "^6.23.0"
    classnames "2.x"
    prop-types "15.x"
    rc-util "^4.0.4"

rc-collapse@~1.8.0:
  version "1.8.0"
  resolved "https://registry.yarnpkg.com/rc-collapse/-/rc-collapse-1.8.0.tgz#107bd9193e36b1ec5381c9ed9ff4f7245a79adb5"
  dependencies:
    classnames "2.x"
    css-animation "1.x"
    prop-types "^15.5.6"
    rc-animate "2.x"

rc-dialog@~7.1.0:
  version "7.1.3"
  resolved "https://registry.yarnpkg.com/rc-dialog/-/rc-dialog-7.1.3.tgz#e5472a1bda251acb577d69007cba6c8de53b1bdf"
  dependencies:
    babel-runtime "6.x"
    rc-animate "2.x"
    rc-util "^4.4.0"

rc-dropdown@~2.1.0:
  version "2.1.0"
  resolved "https://registry.yarnpkg.com/rc-dropdown/-/rc-dropdown-2.1.0.tgz#ae39db67e593ef4ed889dee99ef13ae3994a5c7f"
  dependencies:
    babel-runtime "^6.26.0"
    prop-types "^15.5.8"
    rc-trigger "^2.2.2"

rc-editor-core@~0.8.3:
  version "0.8.5"
  resolved "https://registry.yarnpkg.com/rc-editor-core/-/rc-editor-core-0.8.5.tgz#27d761b6c25c0e0db6f3b8f020c685564d460086"
  dependencies:
    babel-runtime "^6.26.0"
    draft-js "^0.10.0"
    immutable "^3.7.4"
    lodash "^4.16.5"
    prop-types "^15.5.8"
    setimmediate "^1.0.5"

rc-editor-mention@^1.0.2:
  version "1.1.6"
  resolved "https://registry.yarnpkg.com/rc-editor-mention/-/rc-editor-mention-1.1.6.tgz#acbb92661e2392f971f8d8ad1c235b084796c895"
  dependencies:
    babel-runtime "^6.23.0"
    classnames "^2.2.5"
    dom-scroll-into-view "^1.2.0"
    draft-js "~0.10.0"
    prop-types "^15.5.8"
    rc-animate "^2.3.0"
    rc-editor-core "~0.8.3"

rc-form@^2.1.0:
  version "2.1.7"
  resolved "https://registry.yarnpkg.com/rc-form/-/rc-form-2.1.7.tgz#3e01c5e19838038b65a58014e2802deb088b60b7"
  dependencies:
    async-validator "1.x"
    babel-runtime "6.x"
    create-react-class "^15.5.3"
    dom-scroll-into-view "1.x"
    hoist-non-react-statics "^2.3.1"
    lodash "^4.17.4"
    warning "^3.0.0"

rc-hammerjs@~0.6.0:
  version "0.6.9"
  resolved "https://registry.yarnpkg.com/rc-hammerjs/-/rc-hammerjs-0.6.9.tgz#9a4ddbda1b2ec8f9b9596091a6a989842a243907"
  dependencies:
    babel-runtime "6.x"
    hammerjs "^2.0.8"
    prop-types "^15.5.9"

rc-input-number@~4.0.0:
  version "4.0.2"
  resolved "https://registry.yarnpkg.com/rc-input-number/-/rc-input-number-4.0.2.tgz#09651d5fc05c7f6a1e2111dbfad7ed5743fa7595"
  dependencies:
    babel-runtime "6.x"
    classnames "^2.2.0"
    prop-types "^15.5.7"
    rmc-feedback "^1.0.0"

rc-menu@^6.1.0, rc-menu@~6.2.0:
  version "6.2.6"
  resolved "https://registry.yarnpkg.com/rc-menu/-/rc-menu-6.2.6.tgz#ad95a4926792d0476b3b25f6d015a497915dbbbd"
  dependencies:
    babel-runtime "6.x"
    classnames "2.x"
    create-react-class "^15.5.2"
    dom-scroll-into-view "1.x"
    prop-types "^15.5.6"
    rc-animate "2.x"
    rc-trigger "^2.3.0"
    rc-util "^4.1.0"

rc-notification@~3.0.0:
  version "3.0.1"
  resolved "https://registry.yarnpkg.com/rc-notification/-/rc-notification-3.0.1.tgz#9ddcb831895ad40943a7e1df34951aa705173bce"
  dependencies:
    babel-runtime "6.x"
    classnames "2.x"
    prop-types "^15.5.8"
    rc-animate "2.x"
    rc-util "^4.0.4"

rc-pagination@~1.15.0:
  version "1.15.1"
  resolved "https://registry.yarnpkg.com/rc-pagination/-/rc-pagination-1.15.1.tgz#fbf0f88f35d3b34e90bafc068b2bf03b5156ba5f"
  dependencies:
    babel-runtime "6.x"
    prop-types "^15.5.7"

rc-progress@~2.2.2:
  version "2.2.5"
  resolved "https://registry.yarnpkg.com/rc-progress/-/rc-progress-2.2.5.tgz#e61d0544bf9d4208e5ba32fc50962159e7f952a3"
  dependencies:
    babel-runtime "6.x"
    prop-types "^15.5.8"

rc-rate@~2.4.0:
  version "2.4.0"
  resolved "https://registry.yarnpkg.com/rc-rate/-/rc-rate-2.4.0.tgz#97ebcc5876e2e498b9f5f65ced256d8ab54e5f06"
  dependencies:
    babel-runtime "^6.26.0"
    classnames "^2.2.5"
    prop-types "^15.5.8"
    rc-util "^4.3.0"

rc-select@~7.7.0:
  version "7.7.1"
  resolved "https://registry.yarnpkg.com/rc-select/-/rc-select-7.7.1.tgz#cacd0353b79a8eb7708042e40ced6589ca749033"
  dependencies:
    babel-runtime "^6.23.0"
    classnames "2.x"
    component-classes "1.x"
    dom-scroll-into-view "1.x"
    prop-types "^15.5.8"
    rc-animate "2.x"
    rc-menu "^6.1.0"
    rc-trigger "^2.2.0"
    rc-util "^4.0.4"
    warning "^3.0.0"

rc-slider@~8.6.0:
  version "8.6.1"
  resolved "https://registry.yarnpkg.com/rc-slider/-/rc-slider-8.6.1.tgz#ee5e0380dbdf4b5de6955a265b0d4ff6196405d1"
  dependencies:
    babel-runtime "6.x"
    classnames "^2.2.5"
    prop-types "^15.5.4"
    rc-tooltip "^3.7.0"
    rc-util "^4.0.4"
    shallowequal "^1.0.1"
    warning "^3.0.0"

rc-steps@~3.1.0:
  version "3.1.0"
  resolved "https://registry.yarnpkg.com/rc-steps/-/rc-steps-3.1.0.tgz#b204c9ef066287c5cc30dcbe485b2c1bf86e01c6"
  dependencies:
    babel-runtime "^6.23.0"
    classnames "^2.2.3"
    lodash.debounce "^4.0.8"
    prop-types "^15.5.7"

rc-switch@~1.6.0:
  version "1.6.0"
  resolved "https://registry.yarnpkg.com/rc-switch/-/rc-switch-1.6.0.tgz#c2d7369bdb87c1fd45e84989a27c1fb2f201d2fd"
  dependencies:
    babel-runtime "^6.23.0"
    classnames "^2.2.1"
    prop-types "^15.5.6"

rc-table@~6.1.0:
  version "6.1.6"
  resolved "https://registry.yarnpkg.com/rc-table/-/rc-table-6.1.6.tgz#b46de500ad23c200fa05328f24f3eaf1919a1827"
  dependencies:
    babel-runtime "6.x"
    component-classes "^1.2.6"
    lodash "^4.17.5"
    mini-store "^1.0.2"
    prop-types "^15.5.8"
    rc-util "^4.0.4"
    shallowequal "^1.0.2"
    warning "^3.0.0"

rc-tabs@~9.2.0:
  version "9.2.4"
  resolved "https://registry.yarnpkg.com/rc-tabs/-/rc-tabs-9.2.4.tgz#49c2e4fa908b2c49eb0952dc7451e9c298506a9e"
  dependencies:
    babel-runtime "6.x"
    classnames "2.x"
    create-react-class "15.x"
    lodash "^4.17.5"
    prop-types "15.x"
    rc-hammerjs "~0.6.0"
    rc-util "^4.0.4"
    warning "^3.0.0"

rc-time-picker@~3.2.1:
  version "3.2.1"
  resolved "https://registry.yarnpkg.com/rc-time-picker/-/rc-time-picker-3.2.1.tgz#e105fed32814bb95f37dbc60b49495cd787abfa2"
  dependencies:
    babel-runtime "6.x"
    classnames "2.x"
    moment "2.x"
    prop-types "^15.5.8"
    rc-trigger "^2.2.0"

rc-tooltip@^3.7.0, rc-tooltip@~3.7.0:
  version "3.7.0"
  resolved "https://registry.yarnpkg.com/rc-tooltip/-/rc-tooltip-3.7.0.tgz#3afbf109865f7cdcfe43752f3f3f501f7be37aaa"
  dependencies:
    babel-runtime "6.x"
    prop-types "^15.5.8"
    rc-trigger "^2.2.2"

rc-tree-select@~1.12.0:
  version "1.12.9"
  resolved "https://registry.yarnpkg.com/rc-tree-select/-/rc-tree-select-1.12.9.tgz#340ce3b1ce7afab2e717ee90febff114720e5fef"
  dependencies:
    babel-runtime "^6.23.0"
    classnames "^2.2.1"
    object-assign "^4.0.1"
    prop-types "^15.5.8"
    rc-animate "^2.0.2"
    rc-tree "~1.7.1"
    rc-trigger "^2.2.2"
    rc-util "^4.0.2"

rc-tree@~1.7.0, rc-tree@~1.7.1:
  version "1.7.10"
  resolved "https://registry.yarnpkg.com/rc-tree/-/rc-tree-1.7.10.tgz#8d93d73fa3a91ebf6dde4ebaa98e750a9c8fe154"
  dependencies:
    babel-runtime "^6.23.0"
    classnames "2.x"
    prop-types "^15.5.8"
    rc-animate "2.x"
    rc-util "^4.0.4"
    warning "^3.0.0"

rc-trigger@^2.2.0, rc-trigger@^2.2.2, rc-trigger@^2.3.0:
  version "2.3.4"
  resolved "https://registry.yarnpkg.com/rc-trigger/-/rc-trigger-2.3.4.tgz#389dfa5e834ecc3a446fe9cefc0b4a32900f4227"
  dependencies:
    babel-runtime "6.x"
    prop-types "15.x"
    rc-align "2.x"
    rc-animate "2.x"
    rc-util "^4.4.0"

rc-upload@~2.4.0:
  version "2.4.4"
  resolved "https://registry.yarnpkg.com/rc-upload/-/rc-upload-2.4.4.tgz#28e1e6a3e44d1b1f92e57e21927cfa2763ac2a21"
  dependencies:
    babel-runtime "6.x"
    classnames "^2.2.5"
    prop-types "^15.5.7"
    warning "2.x"

rc-util@^4.0.2, rc-util@^4.0.4, rc-util@^4.1.0, rc-util@^4.1.1, rc-util@^4.3.0, rc-util@^4.4.0:
  version "4.4.0"
  resolved "https://registry.yarnpkg.com/rc-util/-/rc-util-4.4.0.tgz#f6a320a67100cfceaaa1b0a955b01e9be643576c"
  dependencies:
    add-dom-event-listener "1.x"
    babel-runtime "6.x"
    prop-types "^15.5.10"
    shallowequal "^0.2.2"

react-lazy-load@^3.0.12:
  version "3.0.13"
  resolved "https://registry.yarnpkg.com/react-lazy-load/-/react-lazy-load-3.0.13.tgz#3b0a92d336d43d3f0d73cbe6f35b17050b08b824"
  dependencies:
    eventlistener "0.0.1"
    lodash.debounce "^4.0.0"
    lodash.throttle "^4.0.0"
    prop-types "^15.5.8"

react-slick@~0.17.0:
  version "0.17.1"
  resolved "https://registry.yarnpkg.com/react-slick/-/react-slick-0.17.1.tgz#64b6a23d3b3823047e6e705a3578301483da8748"
  dependencies:
    can-use-dom "^0.1.0"
    classnames "^2.2.5"
    create-react-class "^15.5.2"
    enquire.js "^2.1.6"
    json2mq "^0.2.0"
    object-assign "^4.1.0"
    opencollective "^1.0.3"

regenerator-runtime@^0.10.0:
  version "0.10.5"
  resolved "https://registry.yarnpkg.com/regenerator-runtime/-/regenerator-runtime-0.10.5.tgz#336c3efc1220adcedda2c9fab67b5a7955a33658"

regenerator-runtime@^0.11.0:
  version "0.11.1"
  resolved "https://registry.yarnpkg.com/regenerator-runtime/-/regenerator-runtime-0.11.1.tgz#be05ad7f9bf7d22e056f9726cee5017fbf19e2e9"

repeating@^2.0.0:
  version "2.0.1"
  resolved "https://registry.yarnpkg.com/repeating/-/repeating-2.0.1.tgz#5214c53a926d3552707527fbab415dbc08d06dda"
  dependencies:
    is-finite "^1.0.0"

restore-cursor@^2.0.0:
  version "2.0.0"
  resolved "https://registry.yarnpkg.com/restore-cursor/-/restore-cursor-2.0.0.tgz#9f7ee287f82fd326d4fd162923d62129eee0dfaf"
  dependencies:
    onetime "^2.0.0"
    signal-exit "^3.0.2"

rmc-feedback@^1.0.0:
  version "1.0.4"
  resolved "https://registry.yarnpkg.com/rmc-feedback/-/rmc-feedback-1.0.4.tgz#fba066059ae2057ac0e0b53ea7ce982c8f4f7f19"
  dependencies:
    babel-runtime "6.x"
    classnames "^2.2.5"

run-async@^2.2.0:
  version "2.3.0"
  resolved "https://registry.yarnpkg.com/run-async/-/run-async-2.3.0.tgz#0371ab4ae0bdd720d4166d7dfda64ff7a445a6c0"
  dependencies:
    is-promise "^2.1.0"

rx@^4.1.0:
  version "4.1.0"
  resolved "https://registry.yarnpkg.com/rx/-/rx-4.1.0.tgz#a5f13ff79ef3b740fe30aa803fb09f98805d4782"

setimmediate@^1.0.5:
  version "1.0.5"
  resolved "https://registry.yarnpkg.com/setimmediate/-/setimmediate-1.0.5.tgz#290cbb232e306942d7d7ea9b83732ab7856f8285"

shallow-equal@^1.0.0:
  version "1.0.0"
  resolved "https://registry.yarnpkg.com/shallow-equal/-/shallow-equal-1.0.0.tgz#508d1838b3de590ab8757b011b25e430900945f7"

shallowequal@^0.2.2:
  version "0.2.2"
  resolved "https://registry.yarnpkg.com/shallowequal/-/shallowequal-0.2.2.tgz#1e32fd5bcab6ad688a4812cb0cc04efc75c7014e"
  dependencies:
    lodash.keys "^3.1.2"

shallowequal@^1.0.1, shallowequal@^1.0.2:
  version "1.0.2"
  resolved "https://registry.yarnpkg.com/shallowequal/-/shallowequal-1.0.2.tgz#1561dbdefb8c01408100319085764da3fcf83f8f"

signal-exit@^3.0.2:
  version "3.0.2"
  resolved "https://registry.yarnpkg.com/signal-exit/-/signal-exit-3.0.2.tgz#b5fdc08f1287ea1178628e415e25132b73646c6d"

slash@^1.0.0:
  version "1.0.0"
  resolved "https://registry.yarnpkg.com/slash/-/slash-1.0.0.tgz#c41f2f6c39fc16d1cd17ad4b5d896114ae470d55"

source-map-support@^0.4.15:
  version "0.4.18"
  resolved "https://registry.yarnpkg.com/source-map-support/-/source-map-support-0.4.18.tgz#0286a6de8be42641338594e97ccea75f0a2c585f"
  dependencies:
    source-map "^0.5.6"

source-map@^0.5.6, source-map@^0.5.7:
  version "0.5.7"
  resolved "https://registry.yarnpkg.com/source-map/-/source-map-0.5.7.tgz#8a039d2d1021d22d1ea14c80d8ea468ba2ef3fcc"

string-convert@^0.2.0:
  version "0.2.1"
  resolved "https://registry.yarnpkg.com/string-convert/-/string-convert-0.2.1.tgz#6982cc3049fbb4cd85f8b24568b9d9bf39eeff97"

string-width@^2.0.0:
  version "2.1.1"
  resolved "https://registry.yarnpkg.com/string-width/-/string-width-2.1.1.tgz#ab93f27a8dc13d28cac815c462143a6d9012ae9e"
  dependencies:
    is-fullwidth-code-point "^2.0.0"
    strip-ansi "^4.0.0"

strip-ansi@^3.0.0:
  version "3.0.1"
  resolved "https://registry.yarnpkg.com/strip-ansi/-/strip-ansi-3.0.1.tgz#6a385fb8853d952d5ff05d0e8aaf94278dc63dcf"
  dependencies:
    ansi-regex "^2.0.0"

strip-ansi@^4.0.0:
  version "4.0.0"
  resolved "https://registry.yarnpkg.com/strip-ansi/-/strip-ansi-4.0.0.tgz#a8479022eb1ac368a871389b635262c505ee368f"
  dependencies:
    ansi-regex "^3.0.0"

supports-color@^2.0.0:
  version "2.0.0"
  resolved "https://registry.yarnpkg.com/supports-color/-/supports-color-2.0.0.tgz#535d045ce6b6363fa40117084629995e9df324c7"

through@^2.3.6:
  version "2.3.8"
  resolved "https://registry.yarnpkg.com/through/-/through-2.3.8.tgz#0dd4c9ffaabc357960b1b724115d7e0e86a2e1f5"

tmp@^0.0.33:
  version "0.0.33"
  resolved "https://registry.yarnpkg.com/tmp/-/tmp-0.0.33.tgz#6d34335889768d21b2bcda0aa277ced3b1bfadf9"
  dependencies:
    os-tmpdir "~1.0.2"

to-fast-properties@^1.0.3:
  version "1.0.3"
  resolved "https://registry.yarnpkg.com/to-fast-properties/-/to-fast-properties-1.0.3.tgz#b83571fa4d8c25b82e231b06e3a3055de4ca1a47"

trim-right@^1.0.1:
  version "1.0.1"
  resolved "https://registry.yarnpkg.com/trim-right/-/trim-right-1.0.1.tgz#cb2e1203067e0c8de1f614094b9fe45704ea6003"

ua-parser-js@^0.7.9:
  version "0.7.17"
  resolved "https://registry.yarnpkg.com/ua-parser-js/-/ua-parser-js-0.7.17.tgz#e9ec5f9498b9ec910e7ae3ac626a805c4d09ecac"

warning@2.x:
  version "2.1.0"
  resolved "https://registry.yarnpkg.com/warning/-/warning-2.1.0.tgz#21220d9c63afc77a8c92111e011af705ce0c6901"
  dependencies:
    loose-envify "^1.0.0"

warning@^3.0.0, warning@~3.0.0:
  version "3.0.0"
  resolved "https://registry.yarnpkg.com/warning/-/warning-3.0.0.tgz#32e5377cb572de4ab04753bdf8821c01ed605b7c"
  dependencies:
    loose-envify "^1.0.0"

whatwg-fetch@>=0.10.0:
  version "2.0.3"
  resolved "https://registry.yarnpkg.com/whatwg-fetch/-/whatwg-fetch-2.0.3.tgz#9c84ec2dcf68187ff00bc64e1274b442176e1c84"
